{
  "object": {
    "pins": [
      {
        "package": "SwiftyStoreKit",
        "repositoryURL": "https://github.com/bizz84/SwiftyStoreKit.git",
        "state": {
          "branch": null,
          "revision": "a45217b2cf7c9bfea3139dc45afa06ca9cf6c4e6",
          "version": "0.16.0"
        }
      }
    ]
  },
  "version": 1
}
